
Microsoft Visual Studio Solution File, Format Version 12.00
# Visual Studio Version 17
VisualStudioVersion = 17.3.32819.101
MinimumVisualStudioVersion = 10.0.40219.1
Project("{FAE04EC0-301F-11D3-BF4B-00C04F79EFBC}") = "project6", "project6.csproj", "{65088112-1858-4052-BF0B-3F31ADB4A35D}"
EndProject
Global
	GlobalSection(SolutionConfigurationPlatforms) = preSolution
		Debug|Any CPU = Debug|Any CPU
		Release|Any CPU = Release|Any CPU
	EndGlobalSection
	GlobalSection(ProjectConfigurationPlatforms) = postSolution
		{65088112-1858-4052-BF0B-3F31ADB4A35D}.Debug|Any CPU.ActiveCfg = Debug|Any CPU
		{65088112-1858-4052-BF0B-3F31ADB4A35D}.Debug|Any CPU.Build.0 = Debug|Any CPU
		{65088112-1858-4052-BF0B-3F31ADB4A35D}.Release|Any CPU.ActiveCfg = Release|Any CPU
		{65088112-1858-4052-BF0B-3F31ADB4A35D}.Release|Any CPU.Build.0 = Release|Any CPU
	EndGlobalSection
	GlobalSection(SolutionProperties) = preSolution
		HideSolutionNode = FALSE
	EndGlobalSection
	GlobalSection(ExtensibilityGlobals) = postSolution
		SolutionGuid = {379802C5-F885-4C38-99D4-4938E78A8D1B}
	EndGlobalSection
EndGlobal
